
Microsoft Visual Studio Solution File, Format Version 12.00
# Visual Studio Version 16
VisualStudioVersion = 16.0.29926.136
MinimumVisualStudioVersion = 10.0.40219.1
Project("{FAE04EC0-301F-11D3-BF4B-00C04F79EFBC}") = "DevTechExcercises", "DevTechExcercises\DevTechExcercises.csproj", "{DA604B29-D832-4CCC-9BF6-E829EBE92C4E}"
EndProject
Project("{FAE04EC0-301F-11D3-BF4B-00C04F79EFBC}") = "DevTechExcercises.Test", "DevTechExcercises.Test\DevTechExcercises.Test.csproj", "{BF614B86-51FC-43B4-97D9-3AF9CC04592D}"
EndProject
Global
	GlobalSection(SolutionConfigurationPlatforms) = preSolution
		Debug|Any CPU = Debug|Any CPU
		Release|Any CPU = Release|Any CPU
	EndGlobalSection
	GlobalSection(ProjectConfigurationPlatforms) = postSolution
		{DA604B29-D832-4CCC-9BF6-E829EBE92C4E}.Debug|Any CPU.ActiveCfg = Debug|Any CPU
		{DA604B29-D832-4CCC-9BF6-E829EBE92C4E}.Debug|Any CPU.Build.0 = Debug|Any CPU
		{DA604B29-D832-4CCC-9BF6-E829EBE92C4E}.Release|Any CPU.ActiveCfg = Release|Any CPU
		{DA604B29-D832-4CCC-9BF6-E829EBE92C4E}.Release|Any CPU.Build.0 = Release|Any CPU
		{BF614B86-51FC-43B4-97D9-3AF9CC04592D}.Debug|Any CPU.ActiveCfg = Debug|Any CPU
		{BF614B86-51FC-43B4-97D9-3AF9CC04592D}.Debug|Any CPU.Build.0 = Debug|Any CPU
		{BF614B86-51FC-43B4-97D9-3AF9CC04592D}.Release|Any CPU.ActiveCfg = Release|Any CPU
		{BF614B86-51FC-43B4-97D9-3AF9CC04592D}.Release|Any CPU.Build.0 = Release|Any CPU
	EndGlobalSection
	GlobalSection(SolutionProperties) = preSolution
		HideSolutionNode = FALSE
	EndGlobalSection
	GlobalSection(ExtensibilityGlobals) = postSolution
		SolutionGuid = {0EC6E860-7EE0-4A27-B7A6-26B62D155B5D}
	EndGlobalSection
EndGlobal
